
Microsoft Visual Studio Solution File, Format Version 12.00
# Visual Studio Version 16
VisualStudioVersion = 16.0.31229.75
MinimumVisualStudioVersion = 10.0.40219.1
Project("{8BC9CEB8-8B4A-11D0-8D11-00A0C91BC942}") = "HWNDExperiments", "HWNDExperiments\HWNDExperiments.vcxproj", "{8AFD946C-803C-40E3-A129-36BB8632A2BB}"
EndProject
Global
	GlobalSection(SolutionConfigurationPlatforms) = preSolution
		Debug|x64 = Debug|x64
		Debug|x86 = Debug|x86
		Release|x64 = Release|x64
		Release|x86 = Release|x86
	EndGlobalSection
	GlobalSection(ProjectConfigurationPlatforms) = postSolution
		{8AFD946C-803C-40E3-A129-36BB8632A2BB}.Debug|x64.ActiveCfg = Debug|x64
		{8AFD946C-803C-40E3-A129-36BB8632A2BB}.Debug|x64.Build.0 = Debug|x64
		{8AFD946C-803C-40E3-A129-36BB8632A2BB}.Debug|x86.ActiveCfg = Debug|Win32
		{8AFD946C-803C-40E3-A129-36BB8632A2BB}.Debug|x86.Build.0 = Debug|Win32
		{8AFD946C-803C-40E3-A129-36BB8632A2BB}.Release|x64.ActiveCfg = Release|x64
		{8AFD946C-803C-40E3-A129-36BB8632A2BB}.Release|x64.Build.0 = Release|x64
		{8AFD946C-803C-40E3-A129-36BB8632A2BB}.Release|x86.ActiveCfg = Release|Win32
		{8AFD946C-803C-40E3-A129-36BB8632A2BB}.Release|x86.Build.0 = Release|Win32
	EndGlobalSection
	GlobalSection(SolutionProperties) = preSolution
		HideSolutionNode = FALSE
	EndGlobalSection
	GlobalSection(ExtensibilityGlobals) = postSolution
		SolutionGuid = {D54493E2-8583-4119-8300-84231B1B48B7}
	EndGlobalSection
EndGlobal
